
Microsoft Visual Studio Solution File, Format Version 12.00
# Visual Studio Version 16
VisualStudioVersion = 16.0.30114.105
MinimumVisualStudioVersion = 10.0.40219.1
Project("{FAE04EC0-301F-11D3-BF4B-00C04F79EFBC}") = "BrazilSharp", "src\BrazilSharp.csproj", "{907CC349-EFA5-4B61-8549-37DD4637BF7D}"
EndProject
Project("{FAE04EC0-301F-11D3-BF4B-00C04F79EFBC}") = "Tests", "Tests\Tests.csproj", "{31B378D9-63AB-43D5-83E7-5260113CF87D}"
EndProject
Global
	GlobalSection(SolutionConfigurationPlatforms) = preSolution
		Debug|Any CPU = Debug|Any CPU
		Release|Any CPU = Release|Any CPU
	EndGlobalSection
	GlobalSection(SolutionProperties) = preSolution
		HideSolutionNode = FALSE
	EndGlobalSection
	GlobalSection(ProjectConfigurationPlatforms) = postSolution
		{907CC349-EFA5-4B61-8549-37DD4637BF7D}.Debug|Any CPU.ActiveCfg = Debug|Any CPU
		{907CC349-EFA5-4B61-8549-37DD4637BF7D}.Debug|Any CPU.Build.0 = Debug|Any CPU
		{907CC349-EFA5-4B61-8549-37DD4637BF7D}.Release|Any CPU.ActiveCfg = Release|Any CPU
		{907CC349-EFA5-4B61-8549-37DD4637BF7D}.Release|Any CPU.Build.0 = Release|Any CPU
		{31B378D9-63AB-43D5-83E7-5260113CF87D}.Debug|Any CPU.ActiveCfg = Debug|Any CPU
		{31B378D9-63AB-43D5-83E7-5260113CF87D}.Debug|Any CPU.Build.0 = Debug|Any CPU
		{31B378D9-63AB-43D5-83E7-5260113CF87D}.Release|Any CPU.ActiveCfg = Release|Any CPU
		{31B378D9-63AB-43D5-83E7-5260113CF87D}.Release|Any CPU.Build.0 = Release|Any CPU
	EndGlobalSection
EndGlobal
